
Microsoft Visual Studio Solution File, Format Version 12.00
# Visual Studio Version 17
VisualStudioVersion = 17.9.34728.123
MinimumVisualStudioVersion = 10.0.40219.1
Project("{FAE04EC0-301F-11D3-BF4B-00C04F79EFBC}") = "AbstractFactory", "AbstractFactory\AbstractFactory.csproj", "{F707CE6F-1AF6-44F3-9B08-2A6A473BB317}"
EndProject
Global
	GlobalSection(SolutionConfigurationPlatforms) = preSolution
		Debug|Any CPU = Debug|Any CPU
		Release|Any CPU = Release|Any CPU
	EndGlobalSection
	GlobalSection(ProjectConfigurationPlatforms) = postSolution
		{F707CE6F-1AF6-44F3-9B08-2A6A473BB317}.Debug|Any CPU.ActiveCfg = Debug|Any CPU
		{F707CE6F-1AF6-44F3-9B08-2A6A473BB317}.Debug|Any CPU.Build.0 = Debug|Any CPU
		{F707CE6F-1AF6-44F3-9B08-2A6A473BB317}.Release|Any CPU.ActiveCfg = Release|Any CPU
		{F707CE6F-1AF6-44F3-9B08-2A6A473BB317}.Release|Any CPU.Build.0 = Release|Any CPU
	EndGlobalSection
	GlobalSection(SolutionProperties) = preSolution
		HideSolutionNode = FALSE
	EndGlobalSection
	GlobalSection(ExtensibilityGlobals) = postSolution
		SolutionGuid = {6D0FEC86-9B49-4047-9A58-5BA01F5EE43D}
	EndGlobalSection
EndGlobal
